
Microsoft Visual Studio Solution File, Format Version 12.00
# Visual Studio Version 16
VisualStudioVersion = 16.0.30517.126
MinimumVisualStudioVersion = 10.0.40219.1
Project("{FAE04EC0-301F-11D3-BF4B-00C04F79EFBC}") = "Myproject1", "Myproject1.csproj", "{8992CC3F-C765-4349-83FA-2B9BCB8364A4}"
EndProject
Global
	GlobalSection(SolutionConfigurationPlatforms) = preSolution
		Debug|Any CPU = Debug|Any CPU
		Release|Any CPU = Release|Any CPU
	EndGlobalSection
	GlobalSection(ProjectConfigurationPlatforms) = postSolution
		{8992CC3F-C765-4349-83FA-2B9BCB8364A4}.Debug|Any CPU.ActiveCfg = Debug|Any CPU
		{8992CC3F-C765-4349-83FA-2B9BCB8364A4}.Debug|Any CPU.Build.0 = Debug|Any CPU
		{8992CC3F-C765-4349-83FA-2B9BCB8364A4}.Release|Any CPU.ActiveCfg = Release|Any CPU
		{8992CC3F-C765-4349-83FA-2B9BCB8364A4}.Release|Any CPU.Build.0 = Release|Any CPU
	EndGlobalSection
	GlobalSection(SolutionProperties) = preSolution
		HideSolutionNode = FALSE
	EndGlobalSection
	GlobalSection(ExtensibilityGlobals) = postSolution
		SolutionGuid = {3ECFDF6B-6B20-41C1-9BD3-1E00B6C650E9}
	EndGlobalSection
EndGlobal
